
Microsoft Visual Studio Solution File, Format Version 12.00
# Visual Studio Version 17
VisualStudioVersion = 17.10.35013.160
MinimumVisualStudioVersion = 10.0.40219.1
Project("{FAE04EC0-301F-11D3-BF4B-00C04F79EFBC}") = "Linq", "Linq\Linq.csproj", "{ECC16C9A-A4AC-4078-AA4E-6F3F096FE66D}"
EndProject
Global
	GlobalSection(SolutionConfigurationPlatforms) = preSolution
		Debug|Any CPU = Debug|Any CPU
		Release|Any CPU = Release|Any CPU
	EndGlobalSection
	GlobalSection(ProjectConfigurationPlatforms) = postSolution
		{ECC16C9A-A4AC-4078-AA4E-6F3F096FE66D}.Debug|Any CPU.ActiveCfg = Debug|Any CPU
		{ECC16C9A-A4AC-4078-AA4E-6F3F096FE66D}.Debug|Any CPU.Build.0 = Debug|Any CPU
		{ECC16C9A-A4AC-4078-AA4E-6F3F096FE66D}.Release|Any CPU.ActiveCfg = Release|Any CPU
		{ECC16C9A-A4AC-4078-AA4E-6F3F096FE66D}.Release|Any CPU.Build.0 = Release|Any CPU
	EndGlobalSection
	GlobalSection(SolutionProperties) = preSolution
		HideSolutionNode = FALSE
	EndGlobalSection
	GlobalSection(ExtensibilityGlobals) = postSolution
		SolutionGuid = {AB2C7D66-8E4B-423E-90E6-6F3EFD1B93D5}
	EndGlobalSection
EndGlobal
