
Microsoft Visual Studio Solution File, Format Version 12.00
# Visual Studio Version 17
VisualStudioVersion = 17.10.35013.160
MinimumVisualStudioVersion = 10.0.40219.1
Project("{FAE04EC0-301F-11D3-BF4B-00C04F79EFBC}") = "test", "test\test.csproj", "{165912D1-C928-47C3-80D5-58B051AD5D75}"
EndProject
Global
	GlobalSection(SolutionConfigurationPlatforms) = preSolution
		Debug|Any CPU = Debug|Any CPU
		Release|Any CPU = Release|Any CPU
	EndGlobalSection
	GlobalSection(ProjectConfigurationPlatforms) = postSolution
		{165912D1-C928-47C3-80D5-58B051AD5D75}.Debug|Any CPU.ActiveCfg = Debug|Any CPU
		{165912D1-C928-47C3-80D5-58B051AD5D75}.Debug|Any CPU.Build.0 = Debug|Any CPU
		{165912D1-C928-47C3-80D5-58B051AD5D75}.Release|Any CPU.ActiveCfg = Release|Any CPU
		{165912D1-C928-47C3-80D5-58B051AD5D75}.Release|Any CPU.Build.0 = Release|Any CPU
	EndGlobalSection
	GlobalSection(SolutionProperties) = preSolution
		HideSolutionNode = FALSE
	EndGlobalSection
	GlobalSection(ExtensibilityGlobals) = postSolution
		SolutionGuid = {44E92D4F-94F2-4E81-A479-89D3F6B1F265}
	EndGlobalSection
EndGlobal
